{
  "requires": true,
  "lockfileVersion": 1,
  "dependencies": {
    "save-svg-as-png": {
      "version": "1.4.7",
      "resolved": "https://registry.npmjs.org/save-svg-as-png/-/save-svg-as-png-1.4.7.tgz",
      "integrity": "sha512-UaUuJCga/UqcROCvWkHNqEsswOmhWRh/EkZ2Cui9FFPud5tp7t0U6u0JXOCEU+1oAlL9jDYF9zubp5VKq7aYEQ=="
    }
  }
}
